
Microsoft Visual Studio Solution File, Format Version 12.00
# Visual Studio Version 17
VisualStudioVersion = 17.11.35312.102
MinimumVisualStudioVersion = 10.0.40219.1
Project("{FAE04EC0-301F-11D3-BF4B-00C04F79EFBC}") = "movies-backend", "movies-backend\movies-backend.csproj", "{707A14CA-42FA-4D0B-AAA3-B9CA9B0E4CB0}"
EndProject
Global
	GlobalSection(SolutionConfigurationPlatforms) = preSolution
		Debug|Any CPU = Debug|Any CPU
		Release|Any CPU = Release|Any CPU
	EndGlobalSection
	GlobalSection(ProjectConfigurationPlatforms) = postSolution
		{707A14CA-42FA-4D0B-AAA3-B9CA9B0E4CB0}.Debug|Any CPU.ActiveCfg = Debug|Any CPU
		{707A14CA-42FA-4D0B-AAA3-B9CA9B0E4CB0}.Debug|Any CPU.Build.0 = Debug|Any CPU
		{707A14CA-42FA-4D0B-AAA3-B9CA9B0E4CB0}.Release|Any CPU.ActiveCfg = Release|Any CPU
		{707A14CA-42FA-4D0B-AAA3-B9CA9B0E4CB0}.Release|Any CPU.Build.0 = Release|Any CPU
	EndGlobalSection
	GlobalSection(SolutionProperties) = preSolution
		HideSolutionNode = FALSE
	EndGlobalSection
	GlobalSection(ExtensibilityGlobals) = postSolution
		SolutionGuid = {D673746C-651A-402A-AD97-D93132C96A3B}
	EndGlobalSection
EndGlobal
